// !$*UTF8*$!
{
	archiveVersion = 1;
	classes = {
	};
	objectVersion = 50;
	objects = {

/* Begin PBXBuildFile section */
		38068906229B7FDD0059716B /* AppDelegate.swift in Sources */ = {isa = PBXBuildFile; fileRef = 38068905229B7FDD0059716B /* AppDelegate.swift */; };
		3806890B229B7FDD0059716B /* Main.storyboard in Resources */ = {isa = PBXBuildFile; fileRef = 38068909229B7FDD0059716B /* Main.storyboard */; };
		3806890E229B7FDD0059716B /* CurrencyLab.xcdatamodeld in Sources */ = {isa = PBXBuildFile; fileRef = 3806890C229B7FDD0059716B /* CurrencyLab.xcdatamodeld */; };
		38068910229B7FE10059716B /* Assets.xcassets in Resources */ = {isa = PBXBuildFile; fileRef = 3806890F229B7FE10059716B /* Assets.xcassets */; };
		38068913229B7FE10059716B /* LaunchScreen.storyboard in Resources */ = {isa = PBXBuildFile; fileRef = 38068911229B7FE10059716B /* LaunchScreen.storyboard */; };
		3806891B229B87730059716B /* HomeViewController.swift in Sources */ = {isa = PBXBuildFile; fileRef = 3806891A229B87730059716B /* HomeViewController.swift */; };
		3806891D229B87B50059716B /* TableViewCell.swift in Sources */ = {isa = PBXBuildFile; fileRef = 3806891C229B87B50059716B /* TableViewCell.swift */; };
		387203D6229C957A00C3EA7E /* NetworkAccessClass.swift in Sources */ = {isa = PBXBuildFile; fileRef = 387203D5229C957A00C3EA7E /* NetworkAccessClass.swift */; };
		387203D8229C958A00C3EA7E /* NetworkAccessDelegate.swift in Sources */ = {isa = PBXBuildFile; fileRef = 387203D7229C958A00C3EA7E /* NetworkAccessDelegate.swift */; };
		387203DB229C95B500C3EA7E /* Currency.swift in Sources */ = {isa = PBXBuildFile; fileRef = 387203DA229C95B500C3EA7E /* Currency.swift */; };
		387203E2229C962000C3EA7E /* HomePresenter.swift in Sources */ = {isa = PBXBuildFile; fileRef = 387203E1229C962000C3EA7E /* HomePresenter.swift */; };
		387203E4229C965E00C3EA7E /* PresenterDelegate.swift in Sources */ = {isa = PBXBuildFile; fileRef = 387203E3229C965E00C3EA7E /* PresenterDelegate.swift */; };
		387203E6229C967000C3EA7E /* ViewDelegate.swift in Sources */ = {isa = PBXBuildFile; fileRef = 387203E5229C967000C3EA7E /* ViewDelegate.swift */; };
		5EEAEC1E13239883CAEF5172 /* Pods_CurrencyLab.framework in Frameworks */ = {isa = PBXBuildFile; fileRef = 161025AA65A38894E95DE736 /* Pods_CurrencyLab.framework */; };
/* End PBXBuildFile section */

/* Begin PBXFileReference section */
		161025AA65A38894E95DE736 /* Pods_CurrencyLab.framework */ = {isa = PBXFileReference; explicitFileType = wrapper.framework; includeInIndex = 0; path = Pods_CurrencyLab.framework; sourceTree = BUILT_PRODUCTS_DIR; };
		38068902229B7FDD0059716B /* CurrencyLab.app */ = {isa = PBXFileReference; explicitFileType = wrapper.application; includeInIndex = 0; path = CurrencyLab.app; sourceTree = BUILT_PRODUCTS_DIR; };
		38068905229B7FDD0059716B /* AppDelegate.swift */ = {isa = PBXFileReference; lastKnownFileType = sourcecode.swift; path = AppDelegate.swift; sourceTree = "<group>"; };
		3806890A229B7FDD0059716B /* Base */ = {isa = PBXFileReference; lastKnownFileType = file.storyboard; name = Base; path = Base.lproj/Main.storyboard; sourceTree = "<group>"; };
		3806890D229B7FDD0059716B /* CurrencyLab.xcdatamodel */ = {isa = PBXFileReference; lastKnownFileType = wrapper.xcdatamodel; path = CurrencyLab.xcdatamodel; sourceTree = "<group>"; };
		3806890F229B7FE10059716B /* Assets.xcassets */ = {isa = PBXFileReference; lastKnownFileType = folder.assetcatalog; path = Assets.xcassets; sourceTree = "<group>"; };
		38068912229B7FE10059716B /* Base */ = {isa = PBXFileReference; lastKnownFileType = file.storyboard; name = Base; path = Base.lproj/LaunchScreen.storyboard; sourceTree = "<group>"; };
		38068914229B7FE10059716B /* Info.plist */ = {isa = PBXFileReference; lastKnownFileType = text.plist.xml; path = Info.plist; sourceTree = "<group>"; };
		3806891A229B87730059716B /* HomeViewController.swift */ = {isa = PBXFileReference; lastKnownFileType = sourcecode.swift; path = HomeViewController.swift; sourceTree = "<group>"; };
		3806891C229B87B50059716B /* TableViewCell.swift */ = {isa = PBXFileReference; lastKnownFileType = sourcecode.swift; path = TableViewCell.swift; sourceTree = "<group>"; };
		387203D5229C957A00C3EA7E /* NetworkAccessClass.swift */ = {isa = PBXFileReference; lastKnownFileType = sourcecode.swift; path = NetworkAccessClass.swift; sourceTree = "<group>"; };
		387203D7229C958A00C3EA7E /* NetworkAccessDelegate.swift */ = {isa = PBXFileReference; lastKnownFileType = sourcecode.swift; path = NetworkAccessDelegate.swift; sourceTree = "<group>"; };
		387203DA229C95B500C3EA7E /* Currency.swift */ = {isa = PBXFileReference; lastKnownFileType = sourcecode.swift; path = Currency.swift; sourceTree = "<group>"; };
		387203E1229C962000C3EA7E /* HomePresenter.swift */ = {isa = PBXFileReference; lastKnownFileType = sourcecode.swift; path = HomePresenter.swift; sourceTree = "<group>"; };
		387203E3229C965E00C3EA7E /* PresenterDelegate.swift */ = {isa = PBXFileReference; lastKnownFileType = sourcecode.swift; path = PresenterDelegate.swift; sourceTree = "<group>"; };
		387203E5229C967000C3EA7E /* ViewDelegate.swift */ = {isa = PBXFileReference; lastKnownFileType = sourcecode.swift; path = ViewDelegate.swift; sourceTree = "<group>"; };
		B3F3A86DE642D6C0CFE21206 /* Pods-CurrencyLab.release.xcconfig */ = {isa = PBXFileReference; includeInIndex = 1; lastKnownFileType = text.xcconfig; name = "Pods-CurrencyLab.release.xcconfig"; path = "Pods/Target Support Files/Pods-CurrencyLab/Pods-CurrencyLab.release.xcconfig"; sourceTree = "<group>"; };
		F21E6BC81EE5CA67304D270E /* Pods-CurrencyLab.debug.xcconfig */ = {isa = PBXFileReference; includeInIndex = 1; lastKnownFileType = text.xcconfig; name = "Pods-CurrencyLab.debug.xcconfig"; path = "Pods/Target Support Files/Pods-CurrencyLab/Pods-CurrencyLab.debug.xcconfig"; sourceTree = "<group>"; };
/* End PBXFileReference section */

/* Begin PBXFrameworksBuildPhase section */
		380688FF229B7FDD0059716B /* Frameworks */ = {
			isa = PBXFrameworksBuildPhase;
			buildActionMask = 2147483647;
			files = (
				5EEAEC1E13239883CAEF5172 /* Pods_CurrencyLab.framework in Frameworks */,
			);
			runOnlyForDeploymentPostprocessing = 0;
		};
/* End PBXFrameworksBuildPhase section */

/* Begin PBXGroup section */
		380688F9229B7FDD0059716B = {
			isa = PBXGroup;
			children = (
				38068904229B7FDD0059716B /* CurrencyLab */,
				38068903229B7FDD0059716B /* Products */,
				BE5F6884C947FE33422AAD98 /* Pods */,
				918AD7E2B5E12D3CBA3BB1C2 /* Frameworks */,
			);
			sourceTree = "<group>";
		};
		38068903229B7FDD0059716B /* Products */ = {
			isa = PBXGroup;
			children = (
				38068902229B7FDD0059716B /* CurrencyLab.app */,
			);
			name = Products;
			sourceTree = "<group>";
		};
		38068904229B7FDD0059716B /* CurrencyLab */ = {
			isa = PBXGroup;
			children = (
				387203DC229C95C200C3EA7E /* Screens */,
				387203D9229C959800C3EA7E /* Model */,
				387203D3229C954000C3EA7E /* Services */,
				38068905229B7FDD0059716B /* AppDelegate.swift */,
				38068909229B7FDD0059716B /* Main.storyboard */,
				3806890F229B7FE10059716B /* Assets.xcassets */,
				38068911229B7FE10059716B /* LaunchScreen.storyboard */,
				38068914229B7FE10059716B /* Info.plist */,
				3806890C229B7FDD0059716B /* CurrencyLab.xcdatamodeld */,
			);
			path = CurrencyLab;
			sourceTree = "<group>";
		};
		387203D3229C954000C3EA7E /* Services */ = {
			isa = PBXGroup;
			children = (
				387203D4229C956200C3EA7E /* Networking */,
			);
			path = Services;
			sourceTree = "<group>";
		};
		387203D4229C956200C3EA7E /* Networking */ = {
			isa = PBXGroup;
			children = (
				387203D5229C957A00C3EA7E /* NetworkAccessClass.swift */,
				387203D7229C958A00C3EA7E /* NetworkAccessDelegate.swift */,
			);
			path = Networking;
			sourceTree = "<group>";
		};
		387203D9229C959800C3EA7E /* Model */ = {
			isa = PBXGroup;
			children = (
				387203DA229C95B500C3EA7E /* Currency.swift */,
			);
			path = Model;
			sourceTree = "<group>";
		};
		387203DC229C95C200C3EA7E /* Screens */ = {
			isa = PBXGroup;
			children = (
				387203DD229C95CB00C3EA7E /* Home */,
			);
			path = Screens;
			sourceTree = "<group>";
		};
		387203DD229C95CB00C3EA7E /* Home */ = {
			isa = PBXGroup;
			children = (
				387203E0229C960F00C3EA7E /* Protocols */,
				387203DF229C960700C3EA7E /* Presenter */,
				387203DE229C95FD00C3EA7E /* View */,
			);
			path = Home;
			sourceTree = "<group>";
		};
		387203DE229C95FD00C3EA7E /* View */ = {
			isa = PBXGroup;
			children = (
				3806891A229B87730059716B /* HomeViewController.swift */,
				3806891C229B87B50059716B /* TableViewCell.swift */,
			);
			path = View;
			sourceTree = "<group>";
		};
		387203DF229C960700C3EA7E /* Presenter */ = {
			isa = PBXGroup;
			children = (
				387203E1229C962000C3EA7E /* HomePresenter.swift */,
			);
			path = Presenter;
			sourceTree = "<group>";
		};
		387203E0229C960F00C3EA7E /* Protocols */ = {
			isa = PBXGroup;
			children = (
				387203E3229C965E00C3EA7E /* PresenterDelegate.swift */,
				387203E5229C967000C3EA7E /* ViewDelegate.swift */,
			);
			path = Protocols;
			sourceTree = "<group>";
		};
		918AD7E2B5E12D3CBA3BB1C2 /* Frameworks */ = {
			isa = PBXGroup;
			children = (
				161025AA65A38894E95DE736 /* Pods_CurrencyLab.framework */,
			);
			name = Frameworks;
			sourceTree = "<group>";
		};
		BE5F6884C947FE33422AAD98 /* Pods */ = {
			isa = PBXGroup;
			children = (
				F21E6BC81EE5CA67304D270E /* Pods-CurrencyLab.debug.xcconfig */,
				B3F3A86DE642D6C0CFE21206 /* Pods-CurrencyLab.release.xcconfig */,
			);
			name = Pods;
			sourceTree = "<group>";
		};
/* End PBXGroup section */

/* Begin PBXNativeTarget section */
		38068901229B7FDD0059716B /* CurrencyLab */ = {
			isa = PBXNativeTarget;
			buildConfigurationList = 38068917229B7FE10059716B /* Build configuration list for PBXNativeTarget "CurrencyLab" */;
			buildPhases = (
				A85005C03A8EF63A53E96A98 /* [CP] Check Pods Manifest.lock */,
				380688FE229B7FDD0059716B /* Sources */,
				380688FF229B7FDD0059716B /* Frameworks */,
				38068900229B7FDD0059716B /* Resources */,
				F4A1AA238B2E9AE29ACCBBDC /* [CP] Embed Pods Frameworks */,
			);
			buildRules = (
			);
			dependencies = (
			);
			name = CurrencyLab;
			productName = CurrencyLab;
			productReference = 38068902229B7FDD0059716B /* CurrencyLab.app */;
			productType = "com.apple.product-type.application";
		};
/* End PBXNativeTarget section */

/* Begin PBXProject section */
		380688FA229B7FDD0059716B /* Project object */ = {
			isa = PBXProject;
			attributes = {
				LastSwiftUpdateCheck = 0930;
				LastUpgradeCheck = 0930;
				ORGANIZATIONNAME = AyaAndSalma;
				TargetAttributes = {
					38068901229B7FDD0059716B = {
						CreatedOnToolsVersion = 9.3;
					};
				};
			};
			buildConfigurationList = 380688FD229B7FDD0059716B /* Build configuration list for PBXProject "CurrencyLab" */;
			compatibilityVersion = "Xcode 9.3";
			developmentRegion = en;
			hasScannedForEncodings = 0;
			knownRegions = (
				en,
				Base,
			);
			mainGroup = 380688F9229B7FDD0059716B;
			productRefGroup = 38068903229B7FDD0059716B /* Products */;
			projectDirPath = "";
			projectRoot = "";
			targets = (
				38068901229B7FDD0059716B /* CurrencyLab */,
			);
		};
/* End PBXProject section */

/* Begin PBXResourcesBuildPhase section */
		38068900229B7FDD0059716B /* Resources */ = {
			isa = PBXResourcesBuildPhase;
			buildActionMask = 2147483647;
			files = (
				38068913229B7FE10059716B /* LaunchScreen.storyboard in Resources */,
				38068910229B7FE10059716B /* Assets.xcassets in Resources */,
				3806890B229B7FDD0059716B /* Main.storyboard in Resources */,
			);
			runOnlyForDeploymentPostprocessing = 0;
		};
/* End PBXResourcesBuildPhase section */

/* Begin PBXShellScriptBuildPhase section */
		A85005C03A8EF63A53E96A98 /* [CP] Check Pods Manifest.lock */ = {
			isa = PBXShellScriptBuildPhase;
			buildActionMask = 2147483647;
			files = (
			);
			inputPaths = (
				"${PODS_PODFILE_DIR_PATH}/Podfile.lock",
				"${PODS_ROOT}/Manifest.lock",
			);
			name = "[CP] Check Pods Manifest.lock";
			outputPaths = (
				"$(DERIVED_FILE_DIR)/Pods-CurrencyLab-checkManifestLockResult.txt",
			);
			runOnlyForDeploymentPostprocessing = 0;
			shellPath = /bin/sh;
			shellScript = "diff \"${PODS_PODFILE_DIR_PATH}/Podfile.lock\" \"${PODS_ROOT}/Manifest.lock\" > /dev/null\nif [ $? != 0 ] ; then\n    # print error to STDERR\n    echo \"error: The sandbox is not in sync with the Podfile.lock. Run 'pod install' or update your CocoaPods installation.\" >&2\n    exit 1\nfi\n# This output is used by Xcode 'outputs' to avoid re-running this script phase.\necho \"SUCCESS\" > \"${SCRIPT_OUTPUT_FILE_0}\"\n";
			showEnvVarsInLog = 0;
		};
		F4A1AA238B2E9AE29ACCBBDC /* [CP] Embed Pods Frameworks */ = {
			isa = PBXShellScriptBuildPhase;
			buildActionMask = 2147483647;
			files = (
			);
			inputPaths = (
				"${SRCROOT}/Pods/Target Support Files/Pods-CurrencyLab/Pods-CurrencyLab-frameworks.sh",
				"${BUILT_PRODUCTS_DIR}/Alamofire/Alamofire.framework",
				"${BUILT_PRODUCTS_DIR}/RxAlamofire/RxAlamofire.framework",
				"${BUILT_PRODUCTS_DIR}/RxCocoa/RxCocoa.framework",
				"${BUILT_PRODUCTS_DIR}/RxSwift/RxSwift.framework",
			);
			name = "[CP] Embed Pods Frameworks";
			outputPaths = (
				"${TARGET_BUILD_DIR}/${FRAMEWORKS_FOLDER_PATH}/Alamofire.framework",
				"${TARGET_BUILD_DIR}/${FRAMEWORKS_FOLDER_PATH}/RxAlamofire.framework",
				"${TARGET_BUILD_DIR}/${FRAMEWORKS_FOLDER_PATH}/RxCocoa.framework",
				"${TARGET_BUILD_DIR}/${FRAMEWORKS_FOLDER_PATH}/RxSwift.framework",
			);
			runOnlyForDeploymentPostprocessing = 0;
			shellPath = /bin/sh;
			shellScript = "\"${SRCROOT}/Pods/Target Support Files/Pods-CurrencyLab/Pods-CurrencyLab-frameworks.sh\"\n";
			showEnvVarsInLog = 0;
		};
/* End PBXShellScriptBuildPhase section */

/* Begin PBXSourcesBuildPhase section */
		380688FE229B7FDD0059716B /* Sources */ = {
			isa = PBXSourcesBuildPhase;
			buildActionMask = 2147483647;
			files = (
				3806891D229B87B50059716B /* TableViewCell.swift in Sources */,
				387203D8229C958A00C3EA7E /* NetworkAccessDelegate.swift in Sources */,
				3806890E229B7FDD0059716B /* CurrencyLab.xcdatamodeld in Sources */,
				387203DB229C95B500C3EA7E /* Currency.swift in Sources */,
				387203D6229C957A00C3EA7E /* NetworkAccessClass.swift in Sources */,
				38068906229B7FDD0059716B /* AppDelegate.swift in Sources */,
				3806891B229B87730059716B /* HomeViewController.swift in Sources */,
				387203E6229C967000C3EA7E /* ViewDelegate.swift in Sources */,
				387203E4229C965E00C3EA7E /* PresenterDelegate.swift in Sources */,
				387203E2229C962000C3EA7E /* HomePresenter.swift in Sources */,
			);
			runOnlyForDeploymentPostprocessing = 0;
		};
/* End PBXSourcesBuildPhase section */

/* Begin PBXVariantGroup section */
		38068909229B7FDD0059716B /* Main.storyboard */ = {
			isa = PBXVariantGroup;
			children = (
				3806890A229B7FDD0059716B /* Base */,
			);
			name = Main.storyboard;
			sourceTree = "<group>";
		};
		38068911229B7FE10059716B /* LaunchScreen.storyboard */ = {
			isa = PBXVariantGroup;
			children = (
				38068912229B7FE10059716B /* Base */,
			);
			name = LaunchScreen.storyboard;
			sourceTree = "<group>";
		};
/* End PBXVariantGroup section */

/* Begin XCBuildConfiguration section */
		38068915229B7FE10059716B /* Debug */ = {
			isa = XCBuildConfiguration;
			buildSettings = {
				ALWAYS_SEARCH_USER_PATHS = NO;
				CLANG_ANALYZER_NONNULL = YES;
				CLANG_ANALYZER_NUMBER_OBJECT_CONVERSION = YES_AGGRESSIVE;
				CLANG_CXX_LANGUAGE_STANDARD = "gnu++14";
				CLANG_CXX_LIBRARY = "libc++";
				CLANG_ENABLE_MODULES = YES;
				CLANG_ENABLE_OBJC_ARC = YES;
				CLANG_ENABLE_OBJC_WEAK = YES;
				CLANG_WARN_BLOCK_CAPTURE_AUTORELEASING = YES;
				CLANG_WARN_BOOL_CONVERSION = YES;
				CLANG_WARN_COMMA = YES;
				CLANG_WARN_CONSTANT_CONVERSION = YES;
				CLANG_WARN_DEPRECATED_OBJC_IMPLEMENTATIONS = YES;
				CLANG_WARN_DIRECT_OBJC_ISA_USAGE = YES_ERROR;
				CLANG_WARN_DOCUMENTATION_COMMENTS = YES;
				CLANG_WARN_EMPTY_BODY = YES;
				CLANG_WARN_ENUM_CONVERSION = YES;
				CLANG_WARN_INFINITE_RECURSION = YES;
				CLANG_WARN_INT_CONVERSION = YES;
				CLANG_WARN_NON_LITERAL_NULL_CONVERSION = YES;
				CLANG_WARN_OBJC_IMPLICIT_RETAIN_SELF = YES;
				CLANG_WARN_OBJC_LITERAL_CONVERSION = YES;
				CLANG_WARN_OBJC_ROOT_CLASS = YES_ERROR;
				CLANG_WARN_RANGE_LOOP_ANALYSIS = YES;
				CLANG_WARN_STRICT_PROTOTYPES = YES;
				CLANG_WARN_SUSPICIOUS_MOVE = YES;
				CLANG_WARN_UNGUARDED_AVAILABILITY = YES_AGGRESSIVE;
				CLANG_WARN_UNREACHABLE_CODE = YES;
				CLANG_WARN__DUPLICATE_METHOD_MATCH = YES;
				CODE_SIGN_IDENTITY = "iPhone Developer";
				COPY_PHASE_STRIP = NO;
				DEBUG_INFORMATION_FORMAT = dwarf;
				ENABLE_STRICT_OBJC_MSGSEND = YES;
				ENABLE_TESTABILITY = YES;
				GCC_C_LANGUAGE_STANDARD = gnu11;
				GCC_DYNAMIC_NO_PIC = NO;
				GCC_NO_COMMON_BLOCKS = YES;
				GCC_OPTIMIZATION_LEVEL = 0;
				GCC_PREPROCESSOR_DEFINITIONS = (
					"DEBUG=1",
					"$(inherited)",
				);
				GCC_WARN_64_TO_32_BIT_CONVERSION = YES;
				GCC_WARN_ABOUT_RETURN_TYPE = YES_ERROR;
				GCC_WARN_UNDECLARED_SELECTOR = YES;
				GCC_WARN_UNINITIALIZED_AUTOS = YES_AGGRESSIVE;
				GCC_WARN_UNUSED_FUNCTION = YES;
				GCC_WARN_UNUSED_VARIABLE = YES;
				IPHONEOS_DEPLOYMENT_TARGET = 11.3;
				MTL_ENABLE_DEBUG_INFO = YES;
				ONLY_ACTIVE_ARCH = YES;
				SDKROOT = iphoneos;
				SWIFT_ACTIVE_COMPILATION_CONDITIONS = DEBUG;
				SWIFT_OPTIMIZATION_LEVEL = "-Onone";
			};
			name = Debug;
		};
		38068916229B7FE10059716B /* Release */ = {
			isa = XCBuildConfiguration;
			buildSettings = {
				ALWAYS_SEARCH_USER_PATHS = NO;
				CLANG_ANALYZER_NONNULL = YES;
				CLANG_ANALYZER_NUMBER_OBJECT_CONVERSION = YES_AGGRESSIVE;
				CLANG_CXX_LANGUAGE_STANDARD = "gnu++14";
				CLANG_CXX_LIBRARY = "libc++";
				CLANG_ENABLE_MODULES = YES;
				CLANG_ENABLE_OBJC_ARC = YES;
				CLANG_ENABLE_OBJC_WEAK = YES;
				CLANG_WARN_BLOCK_CAPTURE_AUTORELEASING = YES;
				CLANG_WARN_BOOL_CONVERSION = YES;
				CLANG_WARN_COMMA = YES;
				CLANG_WARN_CONSTANT_CONVERSION = YES;
				CLANG_WARN_DEPRECATED_OBJC_IMPLEMENTATIONS = YES;
				CLANG_WARN_DIRECT_OBJC_ISA_USAGE = YES_ERROR;
				CLANG_WARN_DOCUMENTATION_COMMENTS = YES;
				CLANG_WARN_EMPTY_BODY = YES;
				CLANG_WARN_ENUM_CONVERSION = YES;
				CLANG_WARN_INFINITE_RECURSION = YES;
				CLANG_WARN_INT_CONVERSION = YES;
				CLANG_WARN_NON_LITERAL_NULL_CONVERSION = YES;
				CLANG_WARN_OBJC_IMPLICIT_RETAIN_SELF = YES;
				CLANG_WARN_OBJC_LITERAL_CONVERSION = YES;
				CLANG_WARN_OBJC_ROOT_CLASS = YES_ERROR;
				CLANG_WARN_RANGE_LOOP_ANALYSIS = YES;
				CLANG_WARN_STRICT_PROTOTYPES = YES;
				CLANG_WARN_SUSPICIOUS_MOVE = YES;
				CLANG_WARN_UNGUARDED_AVAILABILITY = YES_AGGRESSIVE;
				CLANG_WARN_UNREACHABLE_CODE = YES;
				CLANG_WARN__DUPLICATE_METHOD_MATCH = YES;
				CODE_SIGN_IDENTITY = "iPhone Developer";
				COPY_PHASE_STRIP = NO;
				DEBUG_INFORMATION_FORMAT = "dwarf-with-dsym";
				ENABLE_NS_ASSERTIONS = NO;
				ENABLE_STRICT_OBJC_MSGSEND = YES;
				GCC_C_LANGUAGE_STANDARD = gnu11;
				GCC_NO_COMMON_BLOCKS = YES;
				GCC_WARN_64_TO_32_BIT_CONVERSION = YES;
				GCC_WARN_ABOUT_RETURN_TYPE = YES_ERROR;
				GCC_WARN_UNDECLARED_SELECTOR = YES;
				GCC_WARN_UNINITIALIZED_AUTOS = YES_AGGRESSIVE;
				GCC_WARN_UNUSED_FUNCTION = YES;
				GCC_WARN_UNUSED_VARIABLE = YES;
				IPHONEOS_DEPLOYMENT_TARGET = 11.3;
				MTL_ENABLE_DEBUG_INFO = NO;
				SDKROOT = iphoneos;
				SWIFT_COMPILATION_MODE = wholemodule;
				SWIFT_OPTIMIZATION_LEVEL = "-O";
				VALIDATE_PRODUCT = YES;
			};
			name = Release;
		};
		38068918229B7FE10059716B /* Debug */ = {
			isa = XCBuildConfiguration;
			baseConfigurationReference = F21E6BC81EE5CA67304D270E /* Pods-CurrencyLab.debug.xcconfig */;
			buildSettings = {
				ASSETCATALOG_COMPILER_APPICON_NAME = AppIcon;
				CODE_SIGN_STYLE = Automatic;
				INFOPLIST_FILE = CurrencyLab/Info.plist;
				LD_RUNPATH_SEARCH_PATHS = (
					"$(inherited)",
					"@executable_path/Frameworks",
				);
				PRODUCT_BUNDLE_IDENTIFIER = com.iti.CurrencyLab;
				PRODUCT_NAME = "$(TARGET_NAME)";
				SWIFT_VERSION = 4.0;
				TARGETED_DEVICE_FAMILY = "1,2";
			};
			name = Debug;
		};
		38068919229B7FE10059716B /* Release */ = {
			isa = XCBuildConfiguration;
			baseConfigurationReference = B3F3A86DE642D6C0CFE21206 /* Pods-CurrencyLab.release.xcconfig */;
			buildSettings = {
				ASSETCATALOG_COMPILER_APPICON_NAME = AppIcon;
				CODE_SIGN_STYLE = Automatic;
				INFOPLIST_FILE = CurrencyLab/Info.plist;
				LD_RUNPATH_SEARCH_PATHS = (
					"$(inherited)",
					"@executable_path/Frameworks",
				);
				PRODUCT_BUNDLE_IDENTIFIER = com.iti.CurrencyLab;
				PRODUCT_NAME = "$(TARGET_NAME)";
				SWIFT_VERSION = 4.0;
				TARGETED_DEVICE_FAMILY = "1,2";
			};
			name = Release;
		};
/* End XCBuildConfiguration section */

/* Begin XCConfigurationList section */
		380688FD229B7FDD0059716B /* Build configuration list for PBXProject "CurrencyLab" */ = {
			isa = XCConfigurationList;
			buildConfigurations = (
				38068915229B7FE10059716B /* Debug */,
				38068916229B7FE10059716B /* Release */,
			);
			defaultConfigurationIsVisible = 0;
			defaultConfigurationName = Release;
		};
		38068917229B7FE10059716B /* Build configuration list for PBXNativeTarget "CurrencyLab" */ = {
			isa = XCConfigurationList;
			buildConfigurations = (
				38068918229B7FE10059716B /* Debug */,
				38068919229B7FE10059716B /* Release */,
			);
			defaultConfigurationIsVisible = 0;
			defaultConfigurationName = Release;
		};
/* End XCConfigurationList section */

/* Begin XCVersionGroup section */
		3806890C229B7FDD0059716B /* CurrencyLab.xcdatamodeld */ = {
			isa = XCVersionGroup;
			children = (
				3806890D229B7FDD0059716B /* CurrencyLab.xcdatamodel */,
			);
			currentVersion = 3806890D229B7FDD0059716B /* CurrencyLab.xcdatamodel */;
			path = CurrencyLab.xcdatamodeld;
			sourceTree = "<group>";
			versionGroupType = wrapper.xcdatamodel;
		};
/* End XCVersionGroup section */
	};
	rootObject = 380688FA229B7FDD0059716B /* Project object */;
}
